github.com/ambelovsky/gosf-socketio v0.0.0-20201109193639-add9d32f8b19 h1:suVCm9PiIhz7ftTbWQNe7u2YjVfr8AEuUiNWKWApdMM=
github.com/ambelovsky/gosf-socketio v0.0.0-20201109193639-add9d32f8b19/go.mod h1:o0+8DH+3X+FEOgSdNud0+8jJAsjtR9H3hF+O10Zcj/c=
github.com/dchote/go-openal v0.0.0-20171116030048-f4a9a141d372/go.mod h1:74z+CYu2/mx4N+mcIS/rsvfAxBPBV9uv8zRAnwyFkdI=
github.com/golang/protobuf v1.3.1 h1:YF8+flBXS5eO826T4nzqPrxfhQThhXl0YzfuUPu4SBg=
github.com/golang/protobuf v1.3.1/go.mod h1:6lQm79b+lXiMfvg/cZm0SGofjICqVBUtrP5yJMmIC1U=
github.com/gorilla/websocket v1.4.2 h1:+/TMaTYc4QFitKJxsQ7Yye35DkWvkdLcvGKqM+x0Ufc=
github.com/gorilla/websocket v1.4.2/go.mod h1:YR8l580nyteQvAITg2hZ9XVh4b55+EU/adAjf1fMHhE=
layeh.com/gopus v0.0.0-20161224163843-0ebf989153aa h1:WNU4LYsgD2UHxgKgB36mL6iMAMOvr127alafSlgBbiA=
layeh.com/gopus v0.0.0-20161224163843-0ebf989153aa/go.mod h1:AOef7vHz0+v4sWwJnr0jSyHiX/1NgsMoaxl+rEPz/I0=
layeh.com/gumble v0.0.0-20200818122324-146f9205029b h1:Kne6wkHqbqrygRsqs5XUNhSs84DFG5TYMeCkCbM56sY=
layeh.com/gumble v0.0.0-20200818122324-146f9205029b/go.mod h1:tWPVA9ZAfImNwabjcd9uDE+Mtz0Hfs7a7G3vxrnrwyc=
